
Microsoft Visual Studio Solution File, Format Version 12.00
# Visual Studio Version 16
VisualStudioVersion = 16.0.30204.135
MinimumVisualStudioVersion = 10.0.40219.1
Project("{FAE04EC0-301F-11D3-BF4B-00C04F79EFBC}") = "Email-demo-2", "Email-demo-2\Email-demo-2.csproj", "{428B4822-8BF8-49C1-A810-361B3089114A}"
EndProject
Global
	GlobalSection(SolutionConfigurationPlatforms) = preSolution
		Debug|Any CPU = Debug|Any CPU
		Release|Any CPU = Release|Any CPU
	EndGlobalSection
	GlobalSection(ProjectConfigurationPlatforms) = postSolution
		{428B4822-8BF8-49C1-A810-361B3089114A}.Debug|Any CPU.ActiveCfg = Debug|Any CPU
		{428B4822-8BF8-49C1-A810-361B3089114A}.Debug|Any CPU.Build.0 = Debug|Any CPU
		{428B4822-8BF8-49C1-A810-361B3089114A}.Release|Any CPU.ActiveCfg = Release|Any CPU
		{428B4822-8BF8-49C1-A810-361B3089114A}.Release|Any CPU.Build.0 = Release|Any CPU
	EndGlobalSection
	GlobalSection(SolutionProperties) = preSolution
		HideSolutionNode = FALSE
	EndGlobalSection
	GlobalSection(ExtensibilityGlobals) = postSolution
		SolutionGuid = {0841B3E6-3974-4FB9-95E6-04A9204C3256}
	EndGlobalSection
EndGlobal
